{
  "version": "3",
  "packages": {
    "specifiers": {
      "jsr:@b-fuze/deno-dom@^0.1.47": "jsr:@b-fuze/deno-dom@0.1.47",
      "jsr:@std/assert@^0.226.0": "jsr:@std/assert@0.226.0",
      "jsr:@std/async@^0.224.2": "jsr:@std/async@0.224.2",
      "jsr:@std/internal@^1.0.0": "jsr:@std/internal@1.0.1",
      "npm:terser": "npm:terser@5.31.1"
    },
    "jsr": {
      "@b-fuze/deno-dom@0.1.47": {
        "integrity": "270a888de91329f8ce3849211ece0ad97ce1e8b9a8a774f2bed2f43c8b0ffe8e"
      },
      "@std/assert@0.226.0": {
        "integrity": "0dfb5f7c7723c18cec118e080fec76ce15b4c31154b15ad2bd74822603ef75b3",
        "dependencies": [
          "jsr:@std/internal@^1.0.0"
        ]
      },
      "@std/async@0.224.2": {
        "integrity": "4d277d6e165df43d5e061ba0ef3edfddb8e8d558f5b920e3e6b1d2614b44d074"
      },
      "@std/internal@1.0.1": {
        "integrity": "6f8c7544d06a11dd256c8d6ba54b11ed870aac6c5aeafff499892662c57673e6"
      }
    },
    "npm": {
      "@jridgewell/gen-mapping@0.3.5": {
        "integrity": "sha512-IzL8ZoEDIBRWEzlCcRhOaCupYyN5gdIK+Q6fbFdPDg6HqX6jpkItn7DFIpW9LQzXG6Df9sA7+OKnq0qlz/GaQg==",
        "dependencies": {
          "@jridgewell/set-array": "@jridgewell/set-array@1.2.1",
          "@jridgewell/sourcemap-codec": "@jridgewell/sourcemap-codec@1.4.15",
          "@jridgewell/trace-mapping": "@jridgewell/trace-mapping@0.3.25"
        }
      },
      "@jridgewell/resolve-uri@3.1.2": {
        "integrity": "sha512-bRISgCIjP20/tbWSPWMEi54QVPRZExkuD9lJL+UIxUKtwVJA8wW1Trb1jMs1RFXo1CBTNZ/5hpC9QvmKWdopKw==",
        "dependencies": {}
      },
      "@jridgewell/set-array@1.2.1": {
        "integrity": "sha512-R8gLRTZeyp03ymzP/6Lil/28tGeGEzhx1q2k703KGWRAI1VdvPIXdG70VJc2pAMw3NA6JKL5hhFu1sJX0Mnn/A==",
        "dependencies": {}
      },
      "@jridgewell/source-map@0.3.6": {
        "integrity": "sha512-1ZJTZebgqllO79ue2bm3rIGud/bOe0pP5BjSRCRxxYkEZS8STV7zN84UBbiYu7jy+eCKSnVIUgoWWE/tt+shMQ==",
        "dependencies": {
          "@jridgewell/gen-mapping": "@jridgewell/gen-mapping@0.3.5",
          "@jridgewell/trace-mapping": "@jridgewell/trace-mapping@0.3.25"
        }
      },
      "@jridgewell/sourcemap-codec@1.4.15": {
        "integrity": "sha512-eF2rxCRulEKXHTRiDrDy6erMYWqNw4LPdQ8UQA4huuxaQsVeRPFl2oM8oDGxMFhJUWZf9McpLtJasDDZb/Bpeg==",
        "dependencies": {}
      },
      "@jridgewell/trace-mapping@0.3.25": {
        "integrity": "sha512-vNk6aEwybGtawWmy/PzwnGDOjCkLWSD2wqvjGGAgOAwCGWySYXfYoxt00IJkTF+8Lb57DwOb3Aa0o9CApepiYQ==",
        "dependencies": {
          "@jridgewell/resolve-uri": "@jridgewell/resolve-uri@3.1.2",
          "@jridgewell/sourcemap-codec": "@jridgewell/sourcemap-codec@1.4.15"
        }
      },
      "acorn@8.12.0": {
        "integrity": "sha512-RTvkC4w+KNXrM39/lWCUaG0IbRkWdCv7W/IOW9oU6SawyxulvkQy5HQPVTKxEjczcUvapcrw3cFx/60VN/NRNw==",
        "dependencies": {}
      },
      "buffer-from@1.1.2": {
        "integrity": "sha512-E+XQCRwSbaaiChtv6k6Dwgc+bx+Bs6vuKJHHl5kox/BaKbhiXzqQOwK4cO22yElGp2OCmjwVhT3HmxgyPGnJfQ==",
        "dependencies": {}
      },
      "commander@2.20.3": {
        "integrity": "sha512-GpVkmM8vF2vQUkj2LvZmD35JxeJOLCwJ9cUkugyk2nuhbv3+mJvpLYYt+0+USMxE+oj+ey/lJEnhZw75x/OMcQ==",
        "dependencies": {}
      },
      "source-map-support@0.5.21": {
        "integrity": "sha512-uBHU3L3czsIyYXKX88fdrGovxdSCoTGDRZ6SYXtSRxLZUzHg5P/66Ht6uoUlHu9EZod+inXhKo3qQgwXUT/y1w==",
        "dependencies": {
          "buffer-from": "buffer-from@1.1.2",
          "source-map": "source-map@0.6.1"
        }
      },
      "source-map@0.6.1": {
        "integrity": "sha512-UjgapumWlbMhkBgzT7Ykc5YXUT46F0iKu8SGXq0bcwP5dz/h0Plj6enJqjz1Zbq2l5WaqYnrVbwWOWMyF3F47g==",
        "dependencies": {}
      },
      "terser@5.31.1": {
        "integrity": "sha512-37upzU1+viGvuFtBo9NPufCb9dwM0+l9hMxYyWfBA+fbwrPqNJAhbZ6W47bBFnZHKHTUBnMvi87434qq+qnxOg==",
        "dependencies": {
          "@jridgewell/source-map": "@jridgewell/source-map@0.3.6",
          "acorn": "acorn@8.12.0",
          "commander": "commander@2.20.3",
          "source-map-support": "source-map-support@0.5.21"
        }
      }
    }
  },
  "remote": {},
  "workspace": {
    "dependencies": [
      "jsr:@b-fuze/deno-dom@^0.1.47",
      "jsr:@std/assert@^0.226.0",
      "jsr:@std/async@^0.224.2"
    ]
  }
}
