{
  "version": "3",
  "packages": {
    "specifiers": {
      "jsr:@b-fuze/deno-dom@^0.1.47": "jsr:@b-fuze/deno-dom@0.1.47",
      "jsr:@std/assert@^0.226.0": "jsr:@std/assert@0.226.0",
      "jsr:@std/internal@^1.0.0": "jsr:@std/internal@1.0.1"
    },
    "jsr": {
      "@b-fuze/deno-dom@0.1.47": {
        "integrity": "270a888de91329f8ce3849211ece0ad97ce1e8b9a8a774f2bed2f43c8b0ffe8e"
      },
      "@std/assert@0.226.0": {
        "integrity": "0dfb5f7c7723c18cec118e080fec76ce15b4c31154b15ad2bd74822603ef75b3",
        "dependencies": [
          "jsr:@std/internal@^1.0.0"
        ]
      },
      "@std/internal@1.0.1": {
        "integrity": "6f8c7544d06a11dd256c8d6ba54b11ed870aac6c5aeafff499892662c57673e6"
      }
    }
  },
  "remote": {},
  "workspace": {
    "dependencies": [
      "jsr:@b-fuze/deno-dom@^0.1.47",
      "jsr:@std/assert@^0.226.0"
    ]
  }
}
